
Microsoft Visual Studio Solution File, Format Version 12.00
# Visual Studio 15
VisualStudioVersion = 15.0.26730.12
MinimumVisualStudioVersion = 10.0.40219.1
Project("{FAE04EC0-301F-11D3-BF4B-00C04F79EFBC}") = "MaestroServer", "MaestroServer\MaestroServer.csproj", "{86CC886D-52F9-46F0-89CC-4E0842A8230B}"
EndProject
Global
	GlobalSection(SolutionConfigurationPlatforms) = preSolution
		Debug|Any CPU = Debug|Any CPU
		Release|Any CPU = Release|Any CPU
	EndGlobalSection
	GlobalSection(ProjectConfigurationPlatforms) = postSolution
		{86CC886D-52F9-46F0-89CC-4E0842A8230B}.Debug|Any CPU.ActiveCfg = Debug|Any CPU
		{86CC886D-52F9-46F0-89CC-4E0842A8230B}.Debug|Any CPU.Build.0 = Debug|Any CPU
		{86CC886D-52F9-46F0-89CC-4E0842A8230B}.Release|Any CPU.ActiveCfg = Release|Any CPU
		{86CC886D-52F9-46F0-89CC-4E0842A8230B}.Release|Any CPU.Build.0 = Release|Any CPU
	EndGlobalSection
	GlobalSection(SolutionProperties) = preSolution
		HideSolutionNode = FALSE
	EndGlobalSection
	GlobalSection(ExtensibilityGlobals) = postSolution
		SolutionGuid = {18E9ECAD-6C64-4497-B2EE-8EFA9B30C114}
	EndGlobalSection
EndGlobal
